
Microsoft Visual Studio Solution File, Format Version 12.00
# Visual Studio Version 17
VisualStudioVersion = 17.4.33403.182
MinimumVisualStudioVersion = 10.0.40219.1
Project("{FAE04EC0-301F-11D3-BF4B-00C04F79EFBC}") = "Firotechbd", "Firotechbd.csproj", "{689DEFD0-086A-436A-85C9-A54D06635835}"
EndProject
Global
	GlobalSection(SolutionConfigurationPlatforms) = preSolution
		Debug|Any CPU = Debug|Any CPU
		Release|Any CPU = Release|Any CPU
	EndGlobalSection
	GlobalSection(ProjectConfigurationPlatforms) = postSolution
		{689DEFD0-086A-436A-85C9-A54D06635835}.Debug|Any CPU.ActiveCfg = Debug|Any CPU
		{689DEFD0-086A-436A-85C9-A54D06635835}.Debug|Any CPU.Build.0 = Debug|Any CPU
		{689DEFD0-086A-436A-85C9-A54D06635835}.Release|Any CPU.ActiveCfg = Release|Any CPU
		{689DEFD0-086A-436A-85C9-A54D06635835}.Release|Any CPU.Build.0 = Release|Any CPU
	EndGlobalSection
	GlobalSection(SolutionProperties) = preSolution
		HideSolutionNode = FALSE
	EndGlobalSection
	GlobalSection(ExtensibilityGlobals) = postSolution
		SolutionGuid = {FAC614F2-F49E-459E-AA61-9A73EEBBFBF9}
	EndGlobalSection
EndGlobal
